
Microsoft Visual Studio Solution File, Format Version 12.00
# Visual Studio Version 17
VisualStudioVersion = 17.0.31611.283
MinimumVisualStudioVersion = 10.0.40219.1
Project("{9A19103F-16F7-4668-BE54-9A1E7A4F7556}") = "BookJournal.App", "BookJournal.App\BookJournal.App.csproj", "{1EFB46F2-67E7-4655-A1C5-2F7149BA16E6}"
EndProject
Project("{FAE04EC0-301F-11D3-BF4B-00C04F79EFBC}") = "BookJournal.API", "BookJournal.API\BookJournal.API.csproj", "{0A25E5A7-1FE8-47B4-AAA5-1DDD9B3F9224}"
EndProject
Global
	GlobalSection(SolutionConfigurationPlatforms) = preSolution
		Debug|Any CPU = Debug|Any CPU
		Release|Any CPU = Release|Any CPU
	EndGlobalSection
	GlobalSection(ProjectConfigurationPlatforms) = postSolution
		{1EFB46F2-67E7-4655-A1C5-2F7149BA16E6}.Debug|Any CPU.ActiveCfg = Debug|Any CPU
		{1EFB46F2-67E7-4655-A1C5-2F7149BA16E6}.Debug|Any CPU.Build.0 = Debug|Any CPU
		{1EFB46F2-67E7-4655-A1C5-2F7149BA16E6}.Debug|Any CPU.Deploy.0 = Debug|Any CPU
		{1EFB46F2-67E7-4655-A1C5-2F7149BA16E6}.Release|Any CPU.ActiveCfg = Release|Any CPU
		{1EFB46F2-67E7-4655-A1C5-2F7149BA16E6}.Release|Any CPU.Build.0 = Release|Any CPU
		{1EFB46F2-67E7-4655-A1C5-2F7149BA16E6}.Release|Any CPU.Deploy.0 = Release|Any CPU
		{0A25E5A7-1FE8-47B4-AAA5-1DDD9B3F9224}.Debug|Any CPU.ActiveCfg = Debug|Any CPU
		{0A25E5A7-1FE8-47B4-AAA5-1DDD9B3F9224}.Debug|Any CPU.Build.0 = Debug|Any CPU
		{0A25E5A7-1FE8-47B4-AAA5-1DDD9B3F9224}.Release|Any CPU.ActiveCfg = Release|Any CPU
		{0A25E5A7-1FE8-47B4-AAA5-1DDD9B3F9224}.Release|Any CPU.Build.0 = Release|Any CPU
	EndGlobalSection
	GlobalSection(SolutionProperties) = preSolution
		HideSolutionNode = FALSE
	EndGlobalSection
	GlobalSection(ExtensibilityGlobals) = postSolution
		SolutionGuid = {61F7FB11-1E47-470C-91E2-47F8143E1572}
	EndGlobalSection
EndGlobal
